
Microsoft Visual Studio Solution File, Format Version 12.00
# Visual Studio Version 17
VisualStudioVersion = 17.8.34511.84
MinimumVisualStudioVersion = 10.0.40219.1
Project("{FAE04EC0-301F-11D3-BF4B-00C04F79EFBC}") = "GunaUI Patcher", "GunaUI Patcher\GunaUI Patcher.csproj", "{4A91C084-715D-44EB-92AF-046323EE4396}"
EndProject
Global
	GlobalSection(SolutionConfigurationPlatforms) = preSolution
		Debug|Any CPU = Debug|Any CPU
		Release|Any CPU = Release|Any CPU
	EndGlobalSection
	GlobalSection(ProjectConfigurationPlatforms) = postSolution
		{4A91C084-715D-44EB-92AF-046323EE4396}.Debug|Any CPU.ActiveCfg = Debug|Any CPU
		{4A91C084-715D-44EB-92AF-046323EE4396}.Debug|Any CPU.Build.0 = Debug|Any CPU
		{4A91C084-715D-44EB-92AF-046323EE4396}.Release|Any CPU.ActiveCfg = Release|Any CPU
		{4A91C084-715D-44EB-92AF-046323EE4396}.Release|Any CPU.Build.0 = Release|Any CPU
	EndGlobalSection
	GlobalSection(SolutionProperties) = preSolution
		HideSolutionNode = FALSE
	EndGlobalSection
	GlobalSection(ExtensibilityGlobals) = postSolution
		SolutionGuid = {4522771E-1C19-4495-89CE-67D82AE641F0}
	EndGlobalSection
EndGlobal
